{
  "name": "iniciacion-repo",
  "version": "1.0.0",
  "lockfileVersion": 3,
  "requires": true,
  "packages": {
    "": {
      "name": "iniciacion-repo",
      "version": "1.0.0",
      "license": "ISC",
      "dependencies": {
        "iniciacion-repo": "file:"
      }
    },
    "node_modules/iniciacion-repo": {
      "resolved": "",
      "link": true
    }
  }
}
